// !$*UTF8*$!
{
	archiveVersion = 1;
	classes = {
	};
	objectVersion = 48;
	objects = {

/* Begin PBXBuildFile section */
		84A7AF3B1FED6642006A1F20 /* AppDelegate.swift in Sources */ = {isa = PBXBuildFile; fileRef = 84A7AF3A1FED6642006A1F20 /* AppDelegate.swift */; };
		84A7AF3D1FED6642006A1F20 /* ViewController.swift in Sources */ = {isa = PBXBuildFile; fileRef = 84A7AF3C1FED6642006A1F20 /* ViewController.swift */; };
		84A7AF401FED6642006A1F20 /* Main.storyboard in Resources */ = {isa = PBXBuildFile; fileRef = 84A7AF3E1FED6642006A1F20 /* Main.storyboard */; };
		84A7AF431FED6642006A1F20 /* Weather20171220.xcdatamodeld in Sources */ = {isa = PBXBuildFile; fileRef = 84A7AF411FED6642006A1F20 /* Weather20171220.xcdatamodeld */; };
		84A7AF451FED6642006A1F20 /* Assets.xcassets in Resources */ = {isa = PBXBuildFile; fileRef = 84A7AF441FED6642006A1F20 /* Assets.xcassets */; };
		84A7AF481FED6642006A1F20 /* LaunchScreen.storyboard in Resources */ = {isa = PBXBuildFile; fileRef = 84A7AF461FED6642006A1F20 /* LaunchScreen.storyboard */; };
/* End PBXBuildFile section */

/* Begin PBXFileReference section */
		84A7AF371FED6642006A1F20 /* Weather20171220.app */ = {isa = PBXFileReference; explicitFileType = wrapper.application; includeInIndex = 0; path = Weather20171220.app; sourceTree = BUILT_PRODUCTS_DIR; };
		84A7AF3A1FED6642006A1F20 /* AppDelegate.swift */ = {isa = PBXFileReference; lastKnownFileType = sourcecode.swift; path = AppDelegate.swift; sourceTree = "<group>"; };
		84A7AF3C1FED6642006A1F20 /* ViewController.swift */ = {isa = PBXFileReference; lastKnownFileType = sourcecode.swift; path = ViewController.swift; sourceTree = "<group>"; };
		84A7AF3F1FED6642006A1F20 /* Base */ = {isa = PBXFileReference; lastKnownFileType = file.storyboard; name = Base; path = Base.lproj/Main.storyboard; sourceTree = "<group>"; };
		84A7AF421FED6642006A1F20 /* Weather20171220.xcdatamodel */ = {isa = PBXFileReference; lastKnownFileType = wrapper.xcdatamodel; path = Weather20171220.xcdatamodel; sourceTree = "<group>"; };
		84A7AF441FED6642006A1F20 /* Assets.xcassets */ = {isa = PBXFileReference; lastKnownFileType = folder.assetcatalog; path = Assets.xcassets; sourceTree = "<group>"; };
		84A7AF471FED6642006A1F20 /* Base */ = {isa = PBXFileReference; lastKnownFileType = file.storyboard; name = Base; path = Base.lproj/LaunchScreen.storyboard; sourceTree = "<group>"; };
		84A7AF491FED6642006A1F20 /* Info.plist */ = {isa = PBXFileReference; lastKnownFileType = text.plist.xml; path = Info.plist; sourceTree = "<group>"; };
/* End PBXFileReference section */

/* Begin PBXFrameworksBuildPhase section */
		84A7AF341FED6642006A1F20 /* Frameworks */ = {
			isa = PBXFrameworksBuildPhase;
			buildActionMask = 2147483647;
			files = (
			);
			runOnlyForDeploymentPostprocessing = 0;
		};
/* End PBXFrameworksBuildPhase section */

/* Begin PBXGroup section */
		84A7AF2E1FED6642006A1F20 = {
			isa = PBXGroup;
			children = (
				84A7AF391FED6642006A1F20 /* Weather20171220 */,
				84A7AF381FED6642006A1F20 /* Products */,
			);
			sourceTree = "<group>";
		};
		84A7AF381FED6642006A1F20 /* Products */ = {
			isa = PBXGroup;
			children = (
				84A7AF371FED6642006A1F20 /* Weather20171220.app */,
			);
			name = Products;
			sourceTree = "<group>";
		};
		84A7AF391FED6642006A1F20 /* Weather20171220 */ = {
			isa = PBXGroup;
			children = (
				84A7AF3A1FED6642006A1F20 /* AppDelegate.swift */,
				84A7AF3C1FED6642006A1F20 /* ViewController.swift */,
				84A7AF3E1FED6642006A1F20 /* Main.storyboard */,
				84A7AF441FED6642006A1F20 /* Assets.xcassets */,
				84A7AF461FED6642006A1F20 /* LaunchScreen.storyboard */,
				84A7AF491FED6642006A1F20 /* Info.plist */,
				84A7AF411FED6642006A1F20 /* Weather20171220.xcdatamodeld */,
			);
			path = Weather20171220;
			sourceTree = "<group>";
		};
/* End PBXGroup section */

/* Begin PBXNativeTarget section */
		84A7AF361FED6642006A1F20 /* Weather20171220 */ = {
			isa = PBXNativeTarget;
			buildConfigurationList = 84A7AF4C1FED6642006A1F20 /* Build configuration list for PBXNativeTarget "Weather20171220" */;
			buildPhases = (
				84A7AF331FED6642006A1F20 /* Sources */,
				84A7AF341FED6642006A1F20 /* Frameworks */,
				84A7AF351FED6642006A1F20 /* Resources */,
			);
			buildRules = (
			);
			dependencies = (
			);
			name = Weather20171220;
			productName = Weather20171220;
			productReference = 84A7AF371FED6642006A1F20 /* Weather20171220.app */;
			productType = "com.apple.product-type.application";
		};
/* End PBXNativeTarget section */

/* Begin PBXProject section */
		84A7AF2F1FED6642006A1F20 /* Project object */ = {
			isa = PBXProject;
			attributes = {
				LastSwiftUpdateCheck = 0910;
				LastUpgradeCheck = 0910;
				ORGANIZATIONNAME = pavelkorzhenko;
				TargetAttributes = {
					84A7AF361FED6642006A1F20 = {
						CreatedOnToolsVersion = 9.1;
						ProvisioningStyle = Automatic;
					};
				};
			};
			buildConfigurationList = 84A7AF321FED6642006A1F20 /* Build configuration list for PBXProject "Weather20171220" */;
			compatibilityVersion = "Xcode 8.0";
			developmentRegion = en;
			hasScannedForEncodings = 0;
			knownRegions = (
				en,
				Base,
			);
			mainGroup = 84A7AF2E1FED6642006A1F20;
			productRefGroup = 84A7AF381FED6642006A1F20 /* Products */;
			projectDirPath = "";
			projectRoot = "";
			targets = (
				84A7AF361FED6642006A1F20 /* Weather20171220 */,
			);
		};
/* End PBXProject section */

/* Begin PBXResourcesBuildPhase section */
		84A7AF351FED6642006A1F20 /* Resources */ = {
			isa = PBXResourcesBuildPhase;
			buildActionMask = 2147483647;
			files = (
				84A7AF481FED6642006A1F20 /* LaunchScreen.storyboard in Resources */,
				84A7AF451FED6642006A1F20 /* Assets.xcassets in Resources */,
				84A7AF401FED6642006A1F20 /* Main.storyboard in Resources */,
			);
			runOnlyForDeploymentPostprocessing = 0;
		};
/* End PBXResourcesBuildPhase section */

/* Begin PBXSourcesBuildPhase section */
		84A7AF331FED6642006A1F20 /* Sources */ = {
			isa = PBXSourcesBuildPhase;
			buildActionMask = 2147483647;
			files = (
				84A7AF3D1FED6642006A1F20 /* ViewController.swift in Sources */,
				84A7AF431FED6642006A1F20 /* Weather20171220.xcdatamodeld in Sources */,
				84A7AF3B1FED6642006A1F20 /* AppDelegate.swift in Sources */,
			);
			runOnlyForDeploymentPostprocessing = 0;
		};
/* End PBXSourcesBuildPhase section */

/* Begin PBXVariantGroup section */
		84A7AF3E1FED6642006A1F20 /* Main.storyboard */ = {
			isa = PBXVariantGroup;
			children = (
				84A7AF3F1FED6642006A1F20 /* Base */,
			);
			name = Main.storyboard;
			sourceTree = "<group>";
		};
		84A7AF461FED6642006A1F20 /* LaunchScreen.storyboard */ = {
			isa = PBXVariantGroup;
			children = (
				84A7AF471FED6642006A1F20 /* Base */,
			);
			name = LaunchScreen.storyboard;
			sourceTree = "<group>";
		};
/* End PBXVariantGroup section */

/* Begin XCBuildConfiguration section */
		84A7AF4A1FED6642006A1F20 /* Debug */ = {
			isa = XCBuildConfiguration;
			buildSettings = {
				ALWAYS_SEARCH_USER_PATHS = NO;
				CLANG_ANALYZER_NONNULL = YES;
				CLANG_ANALYZER_NUMBER_OBJECT_CONVERSION = YES_AGGRESSIVE;
				CLANG_CXX_LANGUAGE_STANDARD = "gnu++14";
				CLANG_CXX_LIBRARY = "libc++";
				CLANG_ENABLE_MODULES = YES;
				CLANG_ENABLE_OBJC_ARC = YES;
				CLANG_WARN_BLOCK_CAPTURE_AUTORELEASING = YES;
				CLANG_WARN_BOOL_CONVERSION = YES;
				CLANG_WARN_COMMA = YES;
				CLANG_WARN_CONSTANT_CONVERSION = YES;
				CLANG_WARN_DIRECT_OBJC_ISA_USAGE = YES_ERROR;
				CLANG_WARN_DOCUMENTATION_COMMENTS = YES;
				CLANG_WARN_EMPTY_BODY = YES;
				CLANG_WARN_ENUM_CONVERSION = YES;
				CLANG_WARN_INFINITE_RECURSION = YES;
				CLANG_WARN_INT_CONVERSION = YES;
				CLANG_WARN_NON_LITERAL_NULL_CONVERSION = YES;
				CLANG_WARN_OBJC_LITERAL_CONVERSION = YES;
				CLANG_WARN_OBJC_ROOT_CLASS = YES_ERROR;
				CLANG_WARN_RANGE_LOOP_ANALYSIS = YES;
				CLANG_WARN_STRICT_PROTOTYPES = YES;
				CLANG_WARN_SUSPICIOUS_MOVE = YES;
				CLANG_WARN_UNGUARDED_AVAILABILITY = YES_AGGRESSIVE;
				CLANG_WARN_UNREACHABLE_CODE = YES;
				CLANG_WARN__DUPLICATE_METHOD_MATCH = YES;
				CODE_SIGN_IDENTITY = "iPhone Developer";
				COPY_PHASE_STRIP = NO;
				DEBUG_INFORMATION_FORMAT = dwarf;
				ENABLE_STRICT_OBJC_MSGSEND = YES;
				ENABLE_TESTABILITY = YES;
				GCC_C_LANGUAGE_STANDARD = gnu11;
				GCC_DYNAMIC_NO_PIC = NO;
				GCC_NO_COMMON_BLOCKS = YES;
				GCC_OPTIMIZATION_LEVEL = 0;
				GCC_PREPROCESSOR_DEFINITIONS = (
					"DEBUG=1",
					"$(inherited)",
				);
				GCC_WARN_64_TO_32_BIT_CONVERSION = YES;
				GCC_WARN_ABOUT_RETURN_TYPE = YES_ERROR;
				GCC_WARN_UNDECLARED_SELECTOR = YES;
				GCC_WARN_UNINITIALIZED_AUTOS = YES_AGGRESSIVE;
				GCC_WARN_UNUSED_FUNCTION = YES;
				GCC_WARN_UNUSED_VARIABLE = YES;
				IPHONEOS_DEPLOYMENT_TARGET = 11.1;
				MTL_ENABLE_DEBUG_INFO = YES;
				ONLY_ACTIVE_ARCH = YES;
				SDKROOT = iphoneos;
				SWIFT_ACTIVE_COMPILATION_CONDITIONS = DEBUG;
				SWIFT_OPTIMIZATION_LEVEL = "-Onone";
			};
			name = Debug;
		};
		84A7AF4B1FED6642006A1F20 /* Release */ = {
			isa = XCBuildConfiguration;
			buildSettings = {
				ALWAYS_SEARCH_USER_PATHS = NO;
				CLANG_ANALYZER_NONNULL = YES;
				CLANG_ANALYZER_NUMBER_OBJECT_CONVERSION = YES_AGGRESSIVE;
				CLANG_CXX_LANGUAGE_STANDARD = "gnu++14";
				CLANG_CXX_LIBRARY = "libc++";
				CLANG_ENABLE_MODULES = YES;
				CLANG_ENABLE_OBJC_ARC = YES;
				CLANG_WARN_BLOCK_CAPTURE_AUTORELEASING = YES;
				CLANG_WARN_BOOL_CONVERSION = YES;
				CLANG_WARN_COMMA = YES;
				CLANG_WARN_CONSTANT_CONVERSION = YES;
				CLANG_WARN_DIRECT_OBJC_ISA_USAGE = YES_ERROR;
				CLANG_WARN_DOCUMENTATION_COMMENTS = YES;
				CLANG_WARN_EMPTY_BODY = YES;
				CLANG_WARN_ENUM_CONVERSION = YES;
				CLANG_WARN_INFINITE_RECURSION = YES;
				CLANG_WARN_INT_CONVERSION = YES;
				CLANG_WARN_NON_LITERAL_NULL_CONVERSION = YES;
				CLANG_WARN_OBJC_LITERAL_CONVERSION = YES;
				CLANG_WARN_OBJC_ROOT_CLASS = YES_ERROR;
				CLANG_WARN_RANGE_LOOP_ANALYSIS = YES;
				CLANG_WARN_STRICT_PROTOTYPES = YES;
				CLANG_WARN_SUSPICIOUS_MOVE = YES;
				CLANG_WARN_UNGUARDED_AVAILABILITY = YES_AGGRESSIVE;
				CLANG_WARN_UNREACHABLE_CODE = YES;
				CLANG_WARN__DUPLICATE_METHOD_MATCH = YES;
				CODE_SIGN_IDENTITY = "iPhone Developer";
				COPY_PHASE_STRIP = NO;
				DEBUG_INFORMATION_FORMAT = "dwarf-with-dsym";
				ENABLE_NS_ASSERTIONS = NO;
				ENABLE_STRICT_OBJC_MSGSEND = YES;
				GCC_C_LANGUAGE_STANDARD = gnu11;
				GCC_NO_COMMON_BLOCKS = YES;
				GCC_WARN_64_TO_32_BIT_CONVERSION = YES;
				GCC_WARN_ABOUT_RETURN_TYPE = YES_ERROR;
				GCC_WARN_UNDECLARED_SELECTOR = YES;
				GCC_WARN_UNINITIALIZED_AUTOS = YES_AGGRESSIVE;
				GCC_WARN_UNUSED_FUNCTION = YES;
				GCC_WARN_UNUSED_VARIABLE = YES;
				IPHONEOS_DEPLOYMENT_TARGET = 11.1;
				MTL_ENABLE_DEBUG_INFO = NO;
				SDKROOT = iphoneos;
				SWIFT_OPTIMIZATION_LEVEL = "-Owholemodule";
				VALIDATE_PRODUCT = YES;
			};
			name = Release;
		};
		84A7AF4D1FED6642006A1F20 /* Debug */ = {
			isa = XCBuildConfiguration;
			buildSettings = {
				ASSETCATALOG_COMPILER_APPICON_NAME = AppIcon;
				CODE_SIGN_STYLE = Automatic;
				DEVELOPMENT_TEAM = URW67X8M44;
				INFOPLIST_FILE = Weather20171220/Info.plist;
				IPHONEOS_DEPLOYMENT_TARGET = 9.0;
				LD_RUNPATH_SEARCH_PATHS = "$(inherited) @executable_path/Frameworks";
				PRODUCT_BUNDLE_IDENTIFIER = com.pksmall.Weather20171220;
				PRODUCT_NAME = "$(TARGET_NAME)";
				SWIFT_VERSION = 4.0;
				TARGETED_DEVICE_FAMILY = "1,2";
			};
			name = Debug;
		};
		84A7AF4E1FED6642006A1F20 /* Release */ = {
			isa = XCBuildConfiguration;
			buildSettings = {
				ASSETCATALOG_COMPILER_APPICON_NAME = AppIcon;
				CODE_SIGN_STYLE = Automatic;
				DEVELOPMENT_TEAM = URW67X8M44;
				INFOPLIST_FILE = Weather20171220/Info.plist;
				IPHONEOS_DEPLOYMENT_TARGET = 9.0;
				LD_RUNPATH_SEARCH_PATHS = "$(inherited) @executable_path/Frameworks";
				PRODUCT_BUNDLE_IDENTIFIER = com.pksmall.Weather20171220;
				PRODUCT_NAME = "$(TARGET_NAME)";
				SWIFT_VERSION = 4.0;
				TARGETED_DEVICE_FAMILY = "1,2";
			};
			name = Release;
		};
/* End XCBuildConfiguration section */

/* Begin XCConfigurationList section */
		84A7AF321FED6642006A1F20 /* Build configuration list for PBXProject "Weather20171220" */ = {
			isa = XCConfigurationList;
			buildConfigurations = (
				84A7AF4A1FED6642006A1F20 /* Debug */,
				84A7AF4B1FED6642006A1F20 /* Release */,
			);
			defaultConfigurationIsVisible = 0;
			defaultConfigurationName = Release;
		};
		84A7AF4C1FED6642006A1F20 /* Build configuration list for PBXNativeTarget "Weather20171220" */ = {
			isa = XCConfigurationList;
			buildConfigurations = (
				84A7AF4D1FED6642006A1F20 /* Debug */,
				84A7AF4E1FED6642006A1F20 /* Release */,
			);
			defaultConfigurationIsVisible = 0;
			defaultConfigurationName = Release;
		};
/* End XCConfigurationList section */

/* Begin XCVersionGroup section */
		84A7AF411FED6642006A1F20 /* Weather20171220.xcdatamodeld */ = {
			isa = XCVersionGroup;
			children = (
				84A7AF421FED6642006A1F20 /* Weather20171220.xcdatamodel */,
			);
			currentVersion = 84A7AF421FED6642006A1F20 /* Weather20171220.xcdatamodel */;
			path = Weather20171220.xcdatamodeld;
			sourceTree = "<group>";
			versionGroupType = wrapper.xcdatamodel;
		};
/* End XCVersionGroup section */
	};
	rootObject = 84A7AF2F1FED6642006A1F20 /* Project object */;
}
